
Microsoft Visual Studio Solution File, Format Version 12.00
# Visual Studio Version 17
VisualStudioVersion = 17.8.34330.188
MinimumVisualStudioVersion = 10.0.40219.1
Project("{9A19103F-16F7-4668-BE54-9A1E7A4F7556}") = "BarBotControl", "BarBotControl\BarBotControl.csproj", "{34F41BEB-91F7-4205-B71A-5E8EFC88F883}"
EndProject
Project("{9A19103F-16F7-4668-BE54-9A1E7A4F7556}") = "BarBotControl.Worker", "BarBotControl.Worker\BarBotControl.Worker.csproj", "{A5AAFB85-4183-42FB-BA86-F433B2727753}"
EndProject
Project("{9A19103F-16F7-4668-BE54-9A1E7A4F7556}") = "BarBotControl.Comms", "BarBotControl.Comms\BarBotControl.Comms.csproj", "{B26B245A-777C-4397-9A1F-D0B1F9BF3413}"
EndProject
Global
	GlobalSection(SolutionConfigurationPlatforms) = preSolution
		Debug|Any CPU = Debug|Any CPU
		Release|Any CPU = Release|Any CPU
	EndGlobalSection
	GlobalSection(ProjectConfigurationPlatforms) = postSolution
		{34F41BEB-91F7-4205-B71A-5E8EFC88F883}.Debug|Any CPU.ActiveCfg = Debug|Any CPU
		{34F41BEB-91F7-4205-B71A-5E8EFC88F883}.Debug|Any CPU.Build.0 = Debug|Any CPU
		{34F41BEB-91F7-4205-B71A-5E8EFC88F883}.Release|Any CPU.ActiveCfg = Release|Any CPU
		{34F41BEB-91F7-4205-B71A-5E8EFC88F883}.Release|Any CPU.Build.0 = Release|Any CPU
		{A5AAFB85-4183-42FB-BA86-F433B2727753}.Debug|Any CPU.ActiveCfg = Debug|Any CPU
		{A5AAFB85-4183-42FB-BA86-F433B2727753}.Debug|Any CPU.Build.0 = Debug|Any CPU
		{A5AAFB85-4183-42FB-BA86-F433B2727753}.Release|Any CPU.ActiveCfg = Release|Any CPU
		{A5AAFB85-4183-42FB-BA86-F433B2727753}.Release|Any CPU.Build.0 = Release|Any CPU
		{B26B245A-777C-4397-9A1F-D0B1F9BF3413}.Debug|Any CPU.ActiveCfg = Debug|Any CPU
		{B26B245A-777C-4397-9A1F-D0B1F9BF3413}.Debug|Any CPU.Build.0 = Debug|Any CPU
		{B26B245A-777C-4397-9A1F-D0B1F9BF3413}.Release|Any CPU.ActiveCfg = Release|Any CPU
		{B26B245A-777C-4397-9A1F-D0B1F9BF3413}.Release|Any CPU.Build.0 = Release|Any CPU
	EndGlobalSection
	GlobalSection(SolutionProperties) = preSolution
		HideSolutionNode = FALSE
	EndGlobalSection
	GlobalSection(ExtensibilityGlobals) = postSolution
		SolutionGuid = {F6FBE658-1E0F-4BA6-B495-27CE3ECABDBA}
	EndGlobalSection
EndGlobal
